
Microsoft Visual Studio Solution File, Format Version 12.00
# Visual Studio Version 17
VisualStudioVersion = 17.8.34601.278
MinimumVisualStudioVersion = 10.0.40219.1
Project("{FAE04EC0-301F-11D3-BF4B-00C04F79EFBC}") = "Api", "Api\Api.csproj", "{75A0A1DB-DB54-406D-AE3D-B402D44D3BB0}"
EndProject
Project("{FAE04EC0-301F-11D3-BF4B-00C04F79EFBC}") = "Contracts", "Contracts\Contracts.csproj", "{9EBDDC16-B6D3-41B1-839F-C9C7C0115102}"
EndProject
Project("{FAE04EC0-301F-11D3-BF4B-00C04F79EFBC}") = "LoggerService", "LoggerService\LoggerService.csproj", "{6142FFFF-C6F3-4E47-A463-0D4D36019087}"
EndProject
Project("{FAE04EC0-301F-11D3-BF4B-00C04F79EFBC}") = "Entities", "Entities\Entities.csproj", "{955852B1-3632-45D7-B6D4-B730643C23AE}"
EndProject
Project("{FAE04EC0-301F-11D3-BF4B-00C04F79EFBC}") = "Repository.cs", "Repository.cs\Repository.cs.csproj", "{38D83E86-CF5D-4EFC-9541-F25D98105F9E}"
EndProject
Global
	GlobalSection(SolutionConfigurationPlatforms) = preSolution
		Debug|Any CPU = Debug|Any CPU
		Release|Any CPU = Release|Any CPU
	EndGlobalSection
	GlobalSection(ProjectConfigurationPlatforms) = postSolution
		{75A0A1DB-DB54-406D-AE3D-B402D44D3BB0}.Debug|Any CPU.ActiveCfg = Debug|Any CPU
		{75A0A1DB-DB54-406D-AE3D-B402D44D3BB0}.Debug|Any CPU.Build.0 = Debug|Any CPU
		{75A0A1DB-DB54-406D-AE3D-B402D44D3BB0}.Release|Any CPU.ActiveCfg = Release|Any CPU
		{75A0A1DB-DB54-406D-AE3D-B402D44D3BB0}.Release|Any CPU.Build.0 = Release|Any CPU
		{9EBDDC16-B6D3-41B1-839F-C9C7C0115102}.Debug|Any CPU.ActiveCfg = Debug|Any CPU
		{9EBDDC16-B6D3-41B1-839F-C9C7C0115102}.Debug|Any CPU.Build.0 = Debug|Any CPU
		{9EBDDC16-B6D3-41B1-839F-C9C7C0115102}.Release|Any CPU.ActiveCfg = Release|Any CPU
		{9EBDDC16-B6D3-41B1-839F-C9C7C0115102}.Release|Any CPU.Build.0 = Release|Any CPU
		{6142FFFF-C6F3-4E47-A463-0D4D36019087}.Debug|Any CPU.ActiveCfg = Debug|Any CPU
		{6142FFFF-C6F3-4E47-A463-0D4D36019087}.Debug|Any CPU.Build.0 = Debug|Any CPU
		{6142FFFF-C6F3-4E47-A463-0D4D36019087}.Release|Any CPU.ActiveCfg = Release|Any CPU
		{6142FFFF-C6F3-4E47-A463-0D4D36019087}.Release|Any CPU.Build.0 = Release|Any CPU
		{955852B1-3632-45D7-B6D4-B730643C23AE}.Debug|Any CPU.ActiveCfg = Debug|Any CPU
		{955852B1-3632-45D7-B6D4-B730643C23AE}.Debug|Any CPU.Build.0 = Debug|Any CPU
		{955852B1-3632-45D7-B6D4-B730643C23AE}.Release|Any CPU.ActiveCfg = Release|Any CPU
		{955852B1-3632-45D7-B6D4-B730643C23AE}.Release|Any CPU.Build.0 = Release|Any CPU
		{38D83E86-CF5D-4EFC-9541-F25D98105F9E}.Debug|Any CPU.ActiveCfg = Debug|Any CPU
		{38D83E86-CF5D-4EFC-9541-F25D98105F9E}.Debug|Any CPU.Build.0 = Debug|Any CPU
		{38D83E86-CF5D-4EFC-9541-F25D98105F9E}.Release|Any CPU.ActiveCfg = Release|Any CPU
		{38D83E86-CF5D-4EFC-9541-F25D98105F9E}.Release|Any CPU.Build.0 = Release|Any CPU
	EndGlobalSection
	GlobalSection(SolutionProperties) = preSolution
		HideSolutionNode = FALSE
	EndGlobalSection
	GlobalSection(ExtensibilityGlobals) = postSolution
		SolutionGuid = {DA3CB1C0-9E93-43EB-854C-6EE8579A2D05}
	EndGlobalSection
EndGlobal
