
Microsoft Visual Studio Solution File, Format Version 12.00
# Visual Studio Version 16
VisualStudioVersion = 16.0.30611.23
MinimumVisualStudioVersion = 10.0.40219.1
Project("{FAE04EC0-301F-11D3-BF4B-00C04F79EFBC}") = "Framework.web", "Framework.web\Framework.web.csproj", "{52C39BD8-6E9F-45B1-994F-5A156D1E54B1}"
EndProject
Global
	GlobalSection(SolutionConfigurationPlatforms) = preSolution
		Debug|Any CPU = Debug|Any CPU
		Release|Any CPU = Release|Any CPU
	EndGlobalSection
	GlobalSection(ProjectConfigurationPlatforms) = postSolution
		{52C39BD8-6E9F-45B1-994F-5A156D1E54B1}.Debug|Any CPU.ActiveCfg = Debug|Any CPU
		{52C39BD8-6E9F-45B1-994F-5A156D1E54B1}.Debug|Any CPU.Build.0 = Debug|Any CPU
		{52C39BD8-6E9F-45B1-994F-5A156D1E54B1}.Release|Any CPU.ActiveCfg = Release|Any CPU
		{52C39BD8-6E9F-45B1-994F-5A156D1E54B1}.Release|Any CPU.Build.0 = Release|Any CPU
	EndGlobalSection
	GlobalSection(SolutionProperties) = preSolution
		HideSolutionNode = FALSE
	EndGlobalSection
	GlobalSection(ExtensibilityGlobals) = postSolution
		SolutionGuid = {B4F95380-94F2-434D-B6F1-EF68B3305021}
	EndGlobalSection
EndGlobal
